
Microsoft Visual Studio Solution File, Format Version 12.00
# Visual Studio Version 17
VisualStudioVersion = 17.4.33122.133
MinimumVisualStudioVersion = 10.0.40219.1
Project("{9A19103F-16F7-4668-BE54-9A1E7A4F7556}") = "FakeStoreOldTests", "FakeStoreOldTests\FakeStoreOldTests.csproj", "{8CA19983-C9AB-4B09-8AEF-88E921CF12A8}"
EndProject
Project("{9A19103F-16F7-4668-BE54-9A1E7A4F7556}") = "SeleniumTests", "SeleniumTests\SeleniumTests.csproj", "{3042BE1B-FE04-4344-BF66-4AC4AE82614D}"
EndProject
Project("{FAE04EC0-301F-11D3-BF4B-00C04F79EFBC}") = "FakestorePageObjects", "FakestorePageObjects\FakestorePageObjects.csproj", "{42225607-9C9C-42FA-B2E7-923D057A51CC}"
EndProject
Project("{FAE04EC0-301F-11D3-BF4B-00C04F79EFBC}") = "Helpers", "Helpers\Helpers.csproj", "{0F2B8755-ED80-4E0A-AB22-427E5B33FFA6}"
EndProject
Global
	GlobalSection(SolutionConfigurationPlatforms) = preSolution
		Debug|Any CPU = Debug|Any CPU
		Release|Any CPU = Release|Any CPU
	EndGlobalSection
	GlobalSection(ProjectConfigurationPlatforms) = postSolution
		{8CA19983-C9AB-4B09-8AEF-88E921CF12A8}.Debug|Any CPU.ActiveCfg = Debug|Any CPU
		{8CA19983-C9AB-4B09-8AEF-88E921CF12A8}.Debug|Any CPU.Build.0 = Debug|Any CPU
		{8CA19983-C9AB-4B09-8AEF-88E921CF12A8}.Release|Any CPU.ActiveCfg = Release|Any CPU
		{8CA19983-C9AB-4B09-8AEF-88E921CF12A8}.Release|Any CPU.Build.0 = Release|Any CPU
		{3042BE1B-FE04-4344-BF66-4AC4AE82614D}.Debug|Any CPU.ActiveCfg = Debug|Any CPU
		{3042BE1B-FE04-4344-BF66-4AC4AE82614D}.Debug|Any CPU.Build.0 = Debug|Any CPU
		{3042BE1B-FE04-4344-BF66-4AC4AE82614D}.Release|Any CPU.ActiveCfg = Release|Any CPU
		{3042BE1B-FE04-4344-BF66-4AC4AE82614D}.Release|Any CPU.Build.0 = Release|Any CPU
		{42225607-9C9C-42FA-B2E7-923D057A51CC}.Debug|Any CPU.ActiveCfg = Debug|Any CPU
		{42225607-9C9C-42FA-B2E7-923D057A51CC}.Debug|Any CPU.Build.0 = Debug|Any CPU
		{42225607-9C9C-42FA-B2E7-923D057A51CC}.Release|Any CPU.ActiveCfg = Release|Any CPU
		{42225607-9C9C-42FA-B2E7-923D057A51CC}.Release|Any CPU.Build.0 = Release|Any CPU
		{0F2B8755-ED80-4E0A-AB22-427E5B33FFA6}.Debug|Any CPU.ActiveCfg = Debug|Any CPU
		{0F2B8755-ED80-4E0A-AB22-427E5B33FFA6}.Debug|Any CPU.Build.0 = Debug|Any CPU
		{0F2B8755-ED80-4E0A-AB22-427E5B33FFA6}.Release|Any CPU.ActiveCfg = Release|Any CPU
		{0F2B8755-ED80-4E0A-AB22-427E5B33FFA6}.Release|Any CPU.Build.0 = Release|Any CPU
	EndGlobalSection
	GlobalSection(SolutionProperties) = preSolution
		HideSolutionNode = FALSE
	EndGlobalSection
	GlobalSection(ExtensibilityGlobals) = postSolution
		SolutionGuid = {76E7B8E2-4179-4777-8872-47E494169651}
	EndGlobalSection
EndGlobal
